PODS:
  - Flutter (1.0.0)
  - reminders (0.0.1):
    - Flutter

DEPENDENCIES:
  - Flutter (from `Flutter`)
  - reminders (from `.symlinks/plugins/reminders/ios`)

EXTERNAL SOURCES:
  Flutter:
    :path: Flutter
  reminders:
    :path: ".symlinks/plugins/reminders/ios"

SPEC CHECKSUMS:
  Flutter: e0871f40cf51350855a761d2e70bf5af5b9b5de7
  reminders: cecae2624967b9c05e12fe5f2bb4eb707742caad

PODFILE CHECKSUM: c4c93c5f6502fe2754f48404d3594bf779584011

COCOAPODS: 1.15.2
