PODS:
  - FlutterMacOS (1.0.0)
  - reminders (0.0.1):
    - FlutterMacOS

DEPENDENCIES:
  - FlutterMacOS (from `Flutter/ephemeral`)
  - reminders (from `Flutter/ephemeral/.symlinks/plugins/reminders/macos`)

EXTERNAL SOURCES:
  FlutterMacOS:
    :path: Flutter/ephemeral
  reminders:
    :path: Flutter/ephemeral/.symlinks/plugins/reminders/macos

SPEC CHECKSUMS:
  FlutterMacOS: 8f6f14fa908a6fb3fba0cd85dbd81ec4b251fb24
  reminders: dfd6a7a34eb2bd50d18dc55e6292a8a585de397d

PODFILE CHECKSUM: 8d40c19d3cbdb380d870685c3a564c989f1efa52

COCOAPODS: 1.11.3
