PODS:
  - FlutterMacOS (1.0.0)
  - reminders (0.0.1):
    - FlutterMacOS

DEPENDENCIES:
  - FlutterMacOS (from `Flutter/ephemeral`)
  - reminders (from `Flutter/ephemeral/.symlinks/plugins/reminders/macos`)

EXTERNAL SOURCES:
  FlutterMacOS:
    :path: Flutter/ephemeral
  reminders:
    :path: Flutter/ephemeral/.symlinks/plugins/reminders/macos

SPEC CHECKSUMS:
  FlutterMacOS: ae6af50a8ea7d6103d888583d46bd8328a7e9811
  reminders: 7eacc2066b951f22ad1885fe0bd1370d7b290ecf

PODFILE CHECKSUM: 6eac6b3292e5142cfc23bdeb71848a40ec51c14c

COCOAPODS: 1.11.3
